
Microsoft Visual Studio Solution File, Format Version 12.00
# Visual Studio Version 17
VisualStudioVersion = 17.2.32526.322
MinimumVisualStudioVersion = 10.0.40219.1
Project("{FAE04EC0-301F-11D3-BF4B-00C04F79EFBC}") = "LSystemGenerator", "LSystemGenerator\LSystemGenerator.csproj", "{C29AE3FC-40C7-4264-830F-6657D021EDC9}"
EndProject
Global
	GlobalSection(SolutionConfigurationPlatforms) = preSolution
		Debug|Any CPU = Debug|Any CPU
		Release|Any CPU = Release|Any CPU
	EndGlobalSection
	GlobalSection(ProjectConfigurationPlatforms) = postSolution
		{C29AE3FC-40C7-4264-830F-6657D021EDC9}.Debug|Any CPU.ActiveCfg = Debug|Any CPU
		{C29AE3FC-40C7-4264-830F-6657D021EDC9}.Debug|Any CPU.Build.0 = Debug|Any CPU
		{C29AE3FC-40C7-4264-830F-6657D021EDC9}.Release|Any CPU.ActiveCfg = Release|Any CPU
		{C29AE3FC-40C7-4264-830F-6657D021EDC9}.Release|Any CPU.Build.0 = Release|Any CPU
	EndGlobalSection
	GlobalSection(SolutionProperties) = preSolution
		HideSolutionNode = FALSE
	EndGlobalSection
	GlobalSection(ExtensibilityGlobals) = postSolution
		SolutionGuid = {7B067307-D345-4E6E-A136-EB1296FAF84E}
	EndGlobalSection
EndGlobal
